// !$*UTF8*$!
{
	archiveVersion = 1;
	classes = {
	};
	objectVersion = 50;
	objects = {

/* Begin PBXBuildFile section */
		09E3C71529AC524815658ABC /* libPods-InstagramUITests.a in Frameworks */ = {isa = PBXBuildFile; fileRef = D998DB2EA32F017587A516C9 /* libPods-InstagramUITests.a */; };
		1982EB5720F3159D00336246 /* AppDelegate.m in Sources */ = {isa = PBXBuildFile; fileRef = 1982EB5620F3159D00336246 /* AppDelegate.m */; };
		1982EB5A20F3159D00336246 /* ViewController.m in Sources */ = {isa = PBXBuildFile; fileRef = 1982EB5920F3159D00336246 /* ViewController.m */; };
		1982EB5D20F3159D00336246 /* Main.storyboard in Resources */ = {isa = PBXBuildFile; fileRef = 1982EB5B20F3159D00336246 /* Main.storyboard */; };
		1982EB5F20F3159E00336246 /* Assets.xcassets in Resources */ = {isa = PBXBuildFile; fileRef = 1982EB5E20F3159E00336246 /* Assets.xcassets */; };
		1982EB6220F3159E00336246 /* LaunchScreen.storyboard in Resources */ = {isa = PBXBuildFile; fileRef = 1982EB6020F3159E00336246 /* LaunchScreen.storyboard */; };
		1982EB6520F3159E00336246 /* main.m in Sources */ = {isa = PBXBuildFile; fileRef = 1982EB6420F3159E00336246 /* main.m */; };
		1982EB6F20F3159F00336246 /* InstagramTests.m in Sources */ = {isa = PBXBuildFile; fileRef = 1982EB6E20F3159F00336246 /* InstagramTests.m */; };
		1982EB7A20F3159F00336246 /* InstagramUITests.m in Sources */ = {isa = PBXBuildFile; fileRef = 1982EB7920F3159F00336246 /* InstagramUITests.m */; };
		1982EB9520F414C300336246 /* LogInViewController.m in Sources */ = {isa = PBXBuildFile; fileRef = 1982EB9420F414C300336246 /* LogInViewController.m */; };
		1982EB9820F4195700336246 /* FeedViewController.m in Sources */ = {isa = PBXBuildFile; fileRef = 1982EB9720F4195700336246 /* FeedViewController.m */; };
		1982EB9B20F436E100336246 /* PostingViewController.m in Sources */ = {isa = PBXBuildFile; fileRef = 1982EB9A20F436E100336246 /* PostingViewController.m */; };
		5461A8EC329BF93F900C9947 /* libPods-Instagram.a in Frameworks */ = {isa = PBXBuildFile; fileRef = DD5E715EDBCDD10BB541340F /* libPods-Instagram.a */; };
		68421257237F8004C332E10E /* libPods-InstagramTests.a in Frameworks */ = {isa = PBXBuildFile; fileRef = EF9BEEEC89094CC8BB2E3300 /* libPods-InstagramTests.a */; };
/* End PBXBuildFile section */

/* Begin PBXContainerItemProxy section */
		1982EB6B20F3159F00336246 /* PBXContainerItemProxy */ = {
			isa = PBXContainerItemProxy;
			containerPortal = 1982EB4A20F3159D00336246 /* Project object */;
			proxyType = 1;
			remoteGlobalIDString = 1982EB5120F3159D00336246;
			remoteInfo = Instagram;
		};
		1982EB7620F3159F00336246 /* PBXContainerItemProxy */ = {
			isa = PBXContainerItemProxy;
			containerPortal = 1982EB4A20F3159D00336246 /* Project object */;
			proxyType = 1;
			remoteGlobalIDString = 1982EB5120F3159D00336246;
			remoteInfo = Instagram;
		};
/* End PBXContainerItemProxy section */

/* Begin PBXFileReference section */
		1009F3D676E4EF923FDE19AE /* Pods-InstagramUITests.debug.xcconfig */ = {isa = PBXFileReference; includeInIndex = 1; lastKnownFileType = text.xcconfig; name = "Pods-InstagramUITests.debug.xcconfig"; path = "Pods/Target Support Files/Pods-InstagramUITests/Pods-InstagramUITests.debug.xcconfig"; sourceTree = "<group>"; };
		1982EB5220F3159D00336246 /* Instagram.app */ = {isa = PBXFileReference; explicitFileType = wrapper.application; includeInIndex = 0; path = Instagram.app; sourceTree = BUILT_PRODUCTS_DIR; };
		1982EB5520F3159D00336246 /* AppDelegate.h */ = {isa = PBXFileReference; lastKnownFileType = sourcecode.c.h; path = AppDelegate.h; sourceTree = "<group>"; };
		1982EB5620F3159D00336246 /* AppDelegate.m */ = {isa = PBXFileReference; lastKnownFileType = sourcecode.c.objc; path = AppDelegate.m; sourceTree = "<group>"; };
		1982EB5820F3159D00336246 /* ViewController.h */ = {isa = PBXFileReference; lastKnownFileType = sourcecode.c.h; path = ViewController.h; sourceTree = "<group>"; };
		1982EB5920F3159D00336246 /* ViewController.m */ = {isa = PBXFileReference; lastKnownFileType = sourcecode.c.objc; path = ViewController.m; sourceTree = "<group>"; };
		1982EB5C20F3159D00336246 /* Base */ = {isa = PBXFileReference; lastKnownFileType = file.storyboard; name = Base; path = Base.lproj/Main.storyboard; sourceTree = "<group>"; };
		1982EB5E20F3159E00336246 /* Assets.xcassets */ = {isa = PBXFileReference; lastKnownFileType = folder.assetcatalog; path = Assets.xcassets; sourceTree = "<group>"; };
		1982EB6120F3159E00336246 /* Base */ = {isa = PBXFileReference; lastKnownFileType = file.storyboard; name = Base; path = Base.lproj/LaunchScreen.storyboard; sourceTree = "<group>"; };
		1982EB6320F3159E00336246 /* Info.plist */ = {isa = PBXFileReference; lastKnownFileType = text.plist.xml; path = Info.plist; sourceTree = "<group>"; };
		1982EB6420F3159E00336246 /* main.m */ = {isa = PBXFileReference; lastKnownFileType = sourcecode.c.objc; path = main.m; sourceTree = "<group>"; };
		1982EB6A20F3159F00336246 /* InstagramTests.xctest */ = {isa = PBXFileReference; explicitFileType = wrapper.cfbundle; includeInIndex = 0; path = InstagramTests.xctest; sourceTree = BUILT_PRODUCTS_DIR; };
		1982EB6E20F3159F00336246 /* InstagramTests.m */ = {isa = PBXFileReference; lastKnownFileType = sourcecode.c.objc; path = InstagramTests.m; sourceTree = "<group>"; };
		1982EB7020F3159F00336246 /* Info.plist */ = {isa = PBXFileReference; lastKnownFileType = text.plist.xml; path = Info.plist; sourceTree = "<group>"; };
		1982EB7520F3159F00336246 /* InstagramUITests.xctest */ = {isa = PBXFileReference; explicitFileType = wrapper.cfbundle; includeInIndex = 0; path = InstagramUITests.xctest; sourceTree = BUILT_PRODUCTS_DIR; };
		1982EB7920F3159F00336246 /* InstagramUITests.m */ = {isa = PBXFileReference; lastKnownFileType = sourcecode.c.objc; path = InstagramUITests.m; sourceTree = "<group>"; };
		1982EB7B20F3159F00336246 /* Info.plist */ = {isa = PBXFileReference; lastKnownFileType = text.plist.xml; path = Info.plist; sourceTree = "<group>"; };
		1982EB9320F414C300336246 /* LogInViewController.h */ = {isa = PBXFileReference; lastKnownFileType = sourcecode.c.h; path = LogInViewController.h; sourceTree = "<group>"; };
		1982EB9420F414C300336246 /* LogInViewController.m */ = {isa = PBXFileReference; lastKnownFileType = sourcecode.c.objc; path = LogInViewController.m; sourceTree = "<group>"; };
		1982EB9620F4195700336246 /* FeedViewController.h */ = {isa = PBXFileReference; lastKnownFileType = sourcecode.c.h; path = FeedViewController.h; sourceTree = "<group>"; };
		1982EB9720F4195700336246 /* FeedViewController.m */ = {isa = PBXFileReference; lastKnownFileType = sourcecode.c.objc; path = FeedViewController.m; sourceTree = "<group>"; };
		1982EB9920F436E100336246 /* PostingViewController.h */ = {isa = PBXFileReference; lastKnownFileType = sourcecode.c.h; path = PostingViewController.h; sourceTree = "<group>"; };
		1982EB9A20F436E100336246 /* PostingViewController.m */ = {isa = PBXFileReference; lastKnownFileType = sourcecode.c.objc; path = PostingViewController.m; sourceTree = "<group>"; };
		4E708FD2E9013DE44E34AEEE /* Pods-Instagram.release.xcconfig */ = {isa = PBXFileReference; includeInIndex = 1; lastKnownFileType = text.xcconfig; name = "Pods-Instagram.release.xcconfig"; path = "Pods/Target Support Files/Pods-Instagram/Pods-Instagram.release.xcconfig"; sourceTree = "<group>"; };
		9E16045F76DE4249A992E6C3 /* Pods-Instagram.debug.xcconfig */ = {isa = PBXFileReference; includeInIndex = 1; lastKnownFileType = text.xcconfig; name = "Pods-Instagram.debug.xcconfig"; path = "Pods/Target Support Files/Pods-Instagram/Pods-Instagram.debug.xcconfig"; sourceTree = "<group>"; };
		D998DB2EA32F017587A516C9 /* libPods-InstagramUITests.a */ = {isa = PBXFileReference; explicitFileType = archive.ar; includeInIndex = 0; path = "libPods-InstagramUITests.a"; sourceTree = BUILT_PRODUCTS_DIR; };
		DD5E715EDBCDD10BB541340F /* libPods-Instagram.a */ = {isa = PBXFileReference; explicitFileType = archive.ar; includeInIndex = 0; path = "libPods-Instagram.a"; sourceTree = BUILT_PRODUCTS_DIR; };
		E562F1A7C58C436B067A0411 /* Pods-InstagramTests.release.xcconfig */ = {isa = PBXFileReference; includeInIndex = 1; lastKnownFileType = text.xcconfig; name = "Pods-InstagramTests.release.xcconfig"; path = "Pods/Target Support Files/Pods-InstagramTests/Pods-InstagramTests.release.xcconfig"; sourceTree = "<group>"; };
		EC19490CF2CFEF618686FA3B /* Pods-InstagramTests.debug.xcconfig */ = {isa = PBXFileReference; includeInIndex = 1; lastKnownFileType = text.xcconfig; name = "Pods-InstagramTests.debug.xcconfig"; path = "Pods/Target Support Files/Pods-InstagramTests/Pods-InstagramTests.debug.xcconfig"; sourceTree = "<group>"; };
		EF9BEEEC89094CC8BB2E3300 /* libPods-InstagramTests.a */ = {isa = PBXFileReference; explicitFileType = archive.ar; includeInIndex = 0; path = "libPods-InstagramTests.a"; sourceTree = BUILT_PRODUCTS_DIR; };
		F0C0518591C890F764A329A1 /* Pods-InstagramUITests.release.xcconfig */ = {isa = PBXFileReference; includeInIndex = 1; lastKnownFileType = text.xcconfig; name = "Pods-InstagramUITests.release.xcconfig"; path = "Pods/Target Support Files/Pods-InstagramUITests/Pods-InstagramUITests.release.xcconfig"; sourceTree = "<group>"; };
/* End PBXFileReference section */

/* Begin PBXFrameworksBuildPhase section */
		1982EB4F20F3159D00336246 /* Frameworks */ = {
			isa = PBXFrameworksBuildPhase;
			buildActionMask = 2147483647;
			files = (
				5461A8EC329BF93F900C9947 /* libPods-Instagram.a in Frameworks */,
			);
			runOnlyForDeploymentPostprocessing = 0;
		};
		1982EB6720F3159F00336246 /* Frameworks */ = {
			isa = PBXFrameworksBuildPhase;
			buildActionMask = 2147483647;
			files = (
				68421257237F8004C332E10E /* libPods-InstagramTests.a in Frameworks */,
			);
			runOnlyForDeploymentPostprocessing = 0;
		};
		1982EB7220F3159F00336246 /* Frameworks */ = {
			isa = PBXFrameworksBuildPhase;
			buildActionMask = 2147483647;
			files = (
				09E3C71529AC524815658ABC /* libPods-InstagramUITests.a in Frameworks */,
			);
			runOnlyForDeploymentPostprocessing = 0;
		};
/* End PBXFrameworksBuildPhase section */

/* Begin PBXGroup section */
		1982EB4920F3159D00336246 = {
			isa = PBXGroup;
			children = (
				1982EB5420F3159D00336246 /* Instagram */,
				1982EB6D20F3159F00336246 /* InstagramTests */,
				1982EB7820F3159F00336246 /* InstagramUITests */,
				1982EB5320F3159D00336246 /* Products */,
				DBE4B850C6AB4AEE289B6834 /* Pods */,
				BE799E3D4FB7FA0F83032BF6 /* Frameworks */,
			);
			sourceTree = "<group>";
		};
		1982EB5320F3159D00336246 /* Products */ = {
			isa = PBXGroup;
			children = (
				1982EB5220F3159D00336246 /* Instagram.app */,
				1982EB6A20F3159F00336246 /* InstagramTests.xctest */,
				1982EB7520F3159F00336246 /* InstagramUITests.xctest */,
			);
			name = Products;
			sourceTree = "<group>";
		};
		1982EB5420F3159D00336246 /* Instagram */ = {
			isa = PBXGroup;
			children = (
				1982EB5520F3159D00336246 /* AppDelegate.h */,
				1982EB5620F3159D00336246 /* AppDelegate.m */,
				1982EB5820F3159D00336246 /* ViewController.h */,
				1982EB5920F3159D00336246 /* ViewController.m */,
				1982EB5B20F3159D00336246 /* Main.storyboard */,
				1982EB9920F436E100336246 /* PostingViewController.h */,
				1982EB9A20F436E100336246 /* PostingViewController.m */,
				1982EB9620F4195700336246 /* FeedViewController.h */,
				1982EB9720F4195700336246 /* FeedViewController.m */,
				1982EB9320F414C300336246 /* LogInViewController.h */,
				1982EB9420F414C300336246 /* LogInViewController.m */,
				1982EB5E20F3159E00336246 /* Assets.xcassets */,
				1982EB6020F3159E00336246 /* LaunchScreen.storyboard */,
				1982EB6320F3159E00336246 /* Info.plist */,
				1982EB6420F3159E00336246 /* main.m */,
			);
			path = Instagram;
			sourceTree = "<group>";
		};
		1982EB6D20F3159F00336246 /* InstagramTests */ = {
			isa = PBXGroup;
			children = (
				1982EB6E20F3159F00336246 /* InstagramTests.m */,
				1982EB7020F3159F00336246 /* Info.plist */,
			);
			path = InstagramTests;
			sourceTree = "<group>";
		};
		1982EB7820F3159F00336246 /* InstagramUITests */ = {
			isa = PBXGroup;
			children = (
				1982EB7920F3159F00336246 /* InstagramUITests.m */,
				1982EB7B20F3159F00336246 /* Info.plist */,
			);
			path = InstagramUITests;
			sourceTree = "<group>";
		};
		BE799E3D4FB7FA0F83032BF6 /* Frameworks */ = {
			isa = PBXGroup;
			children = (
				DD5E715EDBCDD10BB541340F /* libPods-Instagram.a */,
				EF9BEEEC89094CC8BB2E3300 /* libPods-InstagramTests.a */,
				D998DB2EA32F017587A516C9 /* libPods-InstagramUITests.a */,
			);
			name = Frameworks;
			sourceTree = "<group>";
		};
		DBE4B850C6AB4AEE289B6834 /* Pods */ = {
			isa = PBXGroup;
			children = (
				9E16045F76DE4249A992E6C3 /* Pods-Instagram.debug.xcconfig */,
				4E708FD2E9013DE44E34AEEE /* Pods-Instagram.release.xcconfig */,
				EC19490CF2CFEF618686FA3B /* Pods-InstagramTests.debug.xcconfig */,
				E562F1A7C58C436B067A0411 /* Pods-InstagramTests.release.xcconfig */,
				1009F3D676E4EF923FDE19AE /* Pods-InstagramUITests.debug.xcconfig */,
				F0C0518591C890F764A329A1 /* Pods-InstagramUITests.release.xcconfig */,
			);
			name = Pods;
			sourceTree = "<group>";
		};
/* End PBXGroup section */

/* Begin PBXNativeTarget section */
		1982EB5120F3159D00336246 /* Instagram */ = {
			isa = PBXNativeTarget;
			buildConfigurationList = 1982EB7E20F3159F00336246 /* Build configuration list for PBXNativeTarget "Instagram" */;
			buildPhases = (
				1B84E0A38F375BEA3CE35156 /* [CP] Check Pods Manifest.lock */,
				1982EB4E20F3159D00336246 /* Sources */,
				1982EB4F20F3159D00336246 /* Frameworks */,
				1982EB5020F3159D00336246 /* Resources */,
				7826378B465A5C8B8E8129A8 /* [CP] Copy Pods Resources */,
			);
			buildRules = (
			);
			dependencies = (
			);
			name = Instagram;
			productName = Instagram;
			productReference = 1982EB5220F3159D00336246 /* Instagram.app */;
			productType = "com.apple.product-type.application";
		};
		1982EB6920F3159F00336246 /* InstagramTests */ = {
			isa = PBXNativeTarget;
			buildConfigurationList = 1982EB8120F3159F00336246 /* Build configuration list for PBXNativeTarget "InstagramTests" */;
			buildPhases = (
				BCBAD63B5DACB8E40A4EAF83 /* [CP] Check Pods Manifest.lock */,
				1982EB6620F3159F00336246 /* Sources */,
				1982EB6720F3159F00336246 /* Frameworks */,
				1982EB6820F3159F00336246 /* Resources */,
			);
			buildRules = (
			);
			dependencies = (
				1982EB6C20F3159F00336246 /* PBXTargetDependency */,
			);
			name = InstagramTests;
			productName = InstagramTests;
			productReference = 1982EB6A20F3159F00336246 /* InstagramTests.xctest */;
			productType = "com.apple.product-type.bundle.unit-test";
		};
		1982EB7420F3159F00336246 /* InstagramUITests */ = {
			isa = PBXNativeTarget;
			buildConfigurationList = 1982EB8420F3159F00336246 /* Build configuration list for PBXNativeTarget "InstagramUITests" */;
			buildPhases = (
				9A7CF9053C2EBFD87690E432 /* [CP] Check Pods Manifest.lock */,
				1982EB7120F3159F00336246 /* Sources */,
				1982EB7220F3159F00336246 /* Frameworks */,
				1982EB7320F3159F00336246 /* Resources */,
			);
			buildRules = (
			);
			dependencies = (
				1982EB7720F3159F00336246 /* PBXTargetDependency */,
			);
			name = InstagramUITests;
			productName = InstagramUITests;
			productReference = 1982EB7520F3159F00336246 /* InstagramUITests.xctest */;
			productType = "com.apple.product-type.bundle.ui-testing";
		};
/* End PBXNativeTarget section */

/* Begin PBXProject section */
		1982EB4A20F3159D00336246 /* Project object */ = {
			isa = PBXProject;
			attributes = {
				LastUpgradeCheck = 0940;
				ORGANIZATIONNAME = "Leah Xiao";
				TargetAttributes = {
					1982EB5120F3159D00336246 = {
						CreatedOnToolsVersion = 9.4.1;
					};
					1982EB6920F3159F00336246 = {
						CreatedOnToolsVersion = 9.4.1;
						TestTargetID = 1982EB5120F3159D00336246;
					};
					1982EB7420F3159F00336246 = {
						CreatedOnToolsVersion = 9.4.1;
						TestTargetID = 1982EB5120F3159D00336246;
					};
				};
			};
			buildConfigurationList = 1982EB4D20F3159D00336246 /* Build configuration list for PBXProject "Instagram" */;
			compatibilityVersion = "Xcode 9.3";
			developmentRegion = en;
			hasScannedForEncodings = 0;
			knownRegions = (
				en,
				Base,
			);
			mainGroup = 1982EB4920F3159D00336246;
			productRefGroup = 1982EB5320F3159D00336246 /* Products */;
			projectDirPath = "";
			projectRoot = "";
			targets = (
				1982EB5120F3159D00336246 /* Instagram */,
				1982EB6920F3159F00336246 /* InstagramTests */,
				1982EB7420F3159F00336246 /* InstagramUITests */,
			);
		};
/* End PBXProject section */

/* Begin PBXResourcesBuildPhase section */
		1982EB5020F3159D00336246 /* Resources */ = {
			isa = PBXResourcesBuildPhase;
			buildActionMask = 2147483647;
			files = (
				1982EB6220F3159E00336246 /* LaunchScreen.storyboard in Resources */,
				1982EB5F20F3159E00336246 /* Assets.xcassets in Resources */,
				1982EB5D20F3159D00336246 /* Main.storyboard in Resources */,
			);
			runOnlyForDeploymentPostprocessing = 0;
		};
		1982EB6820F3159F00336246 /* Resources */ = {
			isa = PBXResourcesBuildPhase;
			buildActionMask = 2147483647;
			files = (
			);
			runOnlyForDeploymentPostprocessing = 0;
		};
		1982EB7320F3159F00336246 /* Resources */ = {
			isa = PBXResourcesBuildPhase;
			buildActionMask = 2147483647;
			files = (
			);
			runOnlyForDeploymentPostprocessing = 0;
		};
/* End PBXResourcesBuildPhase section */

/* Begin PBXShellScriptBuildPhase section */
		1B84E0A38F375BEA3CE35156 /* [CP] Check Pods Manifest.lock */ = {
			isa = PBXShellScriptBuildPhase;
			buildActionMask = 2147483647;
			files = (
			);
			inputPaths = (
				"${PODS_PODFILE_DIR_PATH}/Podfile.lock",
				"${PODS_ROOT}/Manifest.lock",
			);
			name = "[CP] Check Pods Manifest.lock";
			outputPaths = (
				"$(DERIVED_FILE_DIR)/Pods-Instagram-checkManifestLockResult.txt",
			);
			runOnlyForDeploymentPostprocessing = 0;
			shellPath = /bin/sh;
			shellScript = "diff \"${PODS_PODFILE_DIR_PATH}/Podfile.lock\" \"${PODS_ROOT}/Manifest.lock\" > /dev/null\nif [ $? != 0 ] ; then\n    # print error to STDERR\n    echo \"error: The sandbox is not in sync with the Podfile.lock. Run 'pod install' or update your CocoaPods installation.\" >&2\n    exit 1\nfi\n# This output is used by Xcode 'outputs' to avoid re-running this script phase.\necho \"SUCCESS\" > \"${SCRIPT_OUTPUT_FILE_0}\"\n";
			showEnvVarsInLog = 0;
		};
		7826378B465A5C8B8E8129A8 /* [CP] Copy Pods Resources */ = {
			isa = PBXShellScriptBuildPhase;
			buildActionMask = 2147483647;
			files = (
			);
			inputPaths = (
				"${SRCROOT}/Pods/Target Support Files/Pods-Instagram/Pods-Instagram-resources.sh",
				"${PODS_CONFIGURATION_BUILD_DIR}/Parse/Parse.bundle",
			);
			name = "[CP] Copy Pods Resources";
			outputPaths = (
				"${TARGET_BUILD_DIR}/${UNLOCALIZED_RESOURCES_FOLDER_PATH}/Parse.bundle",
			);
			runOnlyForDeploymentPostprocessing = 0;
			shellPath = /bin/sh;
			shellScript = "\"${SRCROOT}/Pods/Target Support Files/Pods-Instagram/Pods-Instagram-resources.sh\"\n";
			showEnvVarsInLog = 0;
		};
		9A7CF9053C2EBFD87690E432 /* [CP] Check Pods Manifest.lock */ = {
			isa = PBXShellScriptBuildPhase;
			buildActionMask = 2147483647;
			files = (
			);
			inputPaths = (
				"${PODS_PODFILE_DIR_PATH}/Podfile.lock",
				"${PODS_ROOT}/Manifest.lock",
			);
			name = "[CP] Check Pods Manifest.lock";
			outputPaths = (
				"$(DERIVED_FILE_DIR)/Pods-InstagramUITests-checkManifestLockResult.txt",
			);
			runOnlyForDeploymentPostprocessing = 0;
			shellPath = /bin/sh;
			shellScript = "diff \"${PODS_PODFILE_DIR_PATH}/Podfile.lock\" \"${PODS_ROOT}/Manifest.lock\" > /dev/null\nif [ $? != 0 ] ; then\n    # print error to STDERR\n    echo \"error: The sandbox is not in sync with the Podfile.lock. Run 'pod install' or update your CocoaPods installation.\" >&2\n    exit 1\nfi\n# This output is used by Xcode 'outputs' to avoid re-running this script phase.\necho \"SUCCESS\" > \"${SCRIPT_OUTPUT_FILE_0}\"\n";
			showEnvVarsInLog = 0;
		};
		BCBAD63B5DACB8E40A4EAF83 /* [CP] Check Pods Manifest.lock */ = {
			isa = PBXShellScriptBuildPhase;
			buildActionMask = 2147483647;
			files = (
			);
			inputPaths = (
				"${PODS_PODFILE_DIR_PATH}/Podfile.lock",
				"${PODS_ROOT}/Manifest.lock",
			);
			name = "[CP] Check Pods Manifest.lock";
			outputPaths = (
				"$(DERIVED_FILE_DIR)/Pods-InstagramTests-checkManifestLockResult.txt",
			);
			runOnlyForDeploymentPostprocessing = 0;
			shellPath = /bin/sh;
			shellScript = "diff \"${PODS_PODFILE_DIR_PATH}/Podfile.lock\" \"${PODS_ROOT}/Manifest.lock\" > /dev/null\nif [ $? != 0 ] ; then\n    # print error to STDERR\n    echo \"error: The sandbox is not in sync with the Podfile.lock. Run 'pod install' or update your CocoaPods installation.\" >&2\n    exit 1\nfi\n# This output is used by Xcode 'outputs' to avoid re-running this script phase.\necho \"SUCCESS\" > \"${SCRIPT_OUTPUT_FILE_0}\"\n";
			showEnvVarsInLog = 0;
		};
/* End PBXShellScriptBuildPhase section */

/* Begin PBXSourcesBuildPhase section */
		1982EB4E20F3159D00336246 /* Sources */ = {
			isa = PBXSourcesBuildPhase;
			buildActionMask = 2147483647;
			files = (
				1982EB9520F414C300336246 /* LogInViewController.m in Sources */,
				1982EB9820F4195700336246 /* FeedViewController.m in Sources */,
				1982EB5A20F3159D00336246 /* ViewController.m in Sources */,
				1982EB9B20F436E100336246 /* PostingViewController.m in Sources */,
				1982EB6520F3159E00336246 /* main.m in Sources */,
				1982EB5720F3159D00336246 /* AppDelegate.m in Sources */,
			);
			runOnlyForDeploymentPostprocessing = 0;
		};
		1982EB6620F3159F00336246 /* Sources */ = {
			isa = PBXSourcesBuildPhase;
			buildActionMask = 2147483647;
			files = (
				1982EB6F20F3159F00336246 /* InstagramTests.m in Sources */,
			);
			runOnlyForDeploymentPostprocessing = 0;
		};
		1982EB7120F3159F00336246 /* Sources */ = {
			isa = PBXSourcesBuildPhase;
			buildActionMask = 2147483647;
			files = (
				1982EB7A20F3159F00336246 /* InstagramUITests.m in Sources */,
			);
			runOnlyForDeploymentPostprocessing = 0;
		};
/* End PBXSourcesBuildPhase section */

/* Begin PBXTargetDependency section */
		1982EB6C20F3159F00336246 /* PBXTargetDependency */ = {
			isa = PBXTargetDependency;
			target = 1982EB5120F3159D00336246 /* Instagram */;
			targetProxy = 1982EB6B20F3159F00336246 /* PBXContainerItemProxy */;
		};
		1982EB7720F3159F00336246 /* PBXTargetDependency */ = {
			isa = PBXTargetDependency;
			target = 1982EB5120F3159D00336246 /* Instagram */;
			targetProxy = 1982EB7620F3159F00336246 /* PBXContainerItemProxy */;
		};
/* End PBXTargetDependency section */

/* Begin PBXVariantGroup section */
		1982EB5B20F3159D00336246 /* Main.storyboard */ = {
			isa = PBXVariantGroup;
			children = (
				1982EB5C20F3159D00336246 /* Base */,
			);
			name = Main.storyboard;
			sourceTree = "<group>";
		};
		1982EB6020F3159E00336246 /* LaunchScreen.storyboard */ = {
			isa = PBXVariantGroup;
			children = (
				1982EB6120F3159E00336246 /* Base */,
			);
			name = LaunchScreen.storyboard;
			sourceTree = "<group>";
		};
/* End PBXVariantGroup section */

/* Begin XCBuildConfiguration section */
		1982EB7C20F3159F00336246 /* Debug */ = {
			isa = XCBuildConfiguration;
			buildSettings = {
				ALWAYS_SEARCH_USER_PATHS = NO;
				CLANG_ANALYZER_NONNULL = YES;
				CLANG_ANALYZER_NUMBER_OBJECT_CONVERSION = YES_AGGRESSIVE;
				CLANG_CXX_LANGUAGE_STANDARD = "gnu++14";
				CLANG_CXX_LIBRARY = "libc++";
				CLANG_ENABLE_MODULES = YES;
				CLANG_ENABLE_OBJC_ARC = YES;
				CLANG_ENABLE_OBJC_WEAK = YES;
				CLANG_WARN_BLOCK_CAPTURE_AUTORELEASING = YES;
				CLANG_WARN_BOOL_CONVERSION = YES;
				CLANG_WARN_COMMA = YES;
				CLANG_WARN_CONSTANT_CONVERSION = YES;
				CLANG_WARN_DEPRECATED_OBJC_IMPLEMENTATIONS = YES;
				CLANG_WARN_DIRECT_OBJC_ISA_USAGE = YES_ERROR;
				CLANG_WARN_DOCUMENTATION_COMMENTS = YES;
				CLANG_WARN_EMPTY_BODY = YES;
				CLANG_WARN_ENUM_CONVERSION = YES;
				CLANG_WARN_INFINITE_RECURSION = YES;
				CLANG_WARN_INT_CONVERSION = YES;
				CLANG_WARN_NON_LITERAL_NULL_CONVERSION = YES;
				CLANG_WARN_OBJC_IMPLICIT_RETAIN_SELF = YES;
				CLANG_WARN_OBJC_LITERAL_CONVERSION = YES;
				CLANG_WARN_OBJC_ROOT_CLASS = YES_ERROR;
				CLANG_WARN_RANGE_LOOP_ANALYSIS = YES;
				CLANG_WARN_STRICT_PROTOTYPES = YES;
				CLANG_WARN_SUSPICIOUS_MOVE = YES;
				CLANG_WARN_UNGUARDED_AVAILABILITY = YES_AGGRESSIVE;
				CLANG_WARN_UNREACHABLE_CODE = YES;
				CLANG_WARN__DUPLICATE_METHOD_MATCH = YES;
				CODE_SIGN_IDENTITY = "iPhone Developer";
				COPY_PHASE_STRIP = NO;
				DEBUG_INFORMATION_FORMAT = dwarf;
				ENABLE_STRICT_OBJC_MSGSEND = YES;
				ENABLE_TESTABILITY = YES;
				GCC_C_LANGUAGE_STANDARD = gnu11;
				GCC_DYNAMIC_NO_PIC = NO;
				GCC_NO_COMMON_BLOCKS = YES;
				GCC_OPTIMIZATION_LEVEL = 0;
				GCC_PREPROCESSOR_DEFINITIONS = (
					"DEBUG=1",
					"$(inherited)",
				);
				GCC_WARN_64_TO_32_BIT_CONVERSION = YES;
				GCC_WARN_ABOUT_RETURN_TYPE = YES_ERROR;
				GCC_WARN_UNDECLARED_SELECTOR = YES;
				GCC_WARN_UNINITIALIZED_AUTOS = YES_AGGRESSIVE;
				GCC_WARN_UNUSED_FUNCTION = YES;
				GCC_WARN_UNUSED_VARIABLE = YES;
				IPHONEOS_DEPLOYMENT_TARGET = 11.4;
				MTL_ENABLE_DEBUG_INFO = YES;
				ONLY_ACTIVE_ARCH = YES;
				SDKROOT = iphoneos;
			};
			name = Debug;
		};
		1982EB7D20F3159F00336246 /* Release */ = {
			isa = XCBuildConfiguration;
			buildSettings = {
				ALWAYS_SEARCH_USER_PATHS = NO;
				CLANG_ANALYZER_NONNULL = YES;
				CLANG_ANALYZER_NUMBER_OBJECT_CONVERSION = YES_AGGRESSIVE;
				CLANG_CXX_LANGUAGE_STANDARD = "gnu++14";
				CLANG_CXX_LIBRARY = "libc++";
				CLANG_ENABLE_MODULES = YES;
				CLANG_ENABLE_OBJC_ARC = YES;
				CLANG_ENABLE_OBJC_WEAK = YES;
				CLANG_WARN_BLOCK_CAPTURE_AUTORELEASING = YES;
				CLANG_WARN_BOOL_CONVERSION = YES;
				CLANG_WARN_COMMA = YES;
				CLANG_WARN_CONSTANT_CONVERSION = YES;
				CLANG_WARN_DEPRECATED_OBJC_IMPLEMENTATIONS = YES;
				CLANG_WARN_DIRECT_OBJC_ISA_USAGE = YES_ERROR;
				CLANG_WARN_DOCUMENTATION_COMMENTS = YES;
				CLANG_WARN_EMPTY_BODY = YES;
				CLANG_WARN_ENUM_CONVERSION = YES;
				CLANG_WARN_INFINITE_RECURSION = YES;
				CLANG_WARN_INT_CONVERSION = YES;
				CLANG_WARN_NON_LITERAL_NULL_CONVERSION = YES;
				CLANG_WARN_OBJC_IMPLICIT_RETAIN_SELF = YES;
				CLANG_WARN_OBJC_LITERAL_CONVERSION = YES;
				CLANG_WARN_OBJC_ROOT_CLASS = YES_ERROR;
				CLANG_WARN_RANGE_LOOP_ANALYSIS = YES;
				CLANG_WARN_STRICT_PROTOTYPES = YES;
				CLANG_WARN_SUSPICIOUS_MOVE = YES;
				CLANG_WARN_UNGUARDED_AVAILABILITY = YES_AGGRESSIVE;
				CLANG_WARN_UNREACHABLE_CODE = YES;
				CLANG_WARN__DUPLICATE_METHOD_MATCH = YES;
				CODE_SIGN_IDENTITY = "iPhone Developer";
				COPY_PHASE_STRIP = NO;
				DEBUG_INFORMATION_FORMAT = "dwarf-with-dsym";
				ENABLE_NS_ASSERTIONS = NO;
				ENABLE_STRICT_OBJC_MSGSEND = YES;
				GCC_C_LANGUAGE_STANDARD = gnu11;
				GCC_NO_COMMON_BLOCKS = YES;
				GCC_WARN_64_TO_32_BIT_CONVERSION = YES;
				GCC_WARN_ABOUT_RETURN_TYPE = YES_ERROR;
				GCC_WARN_UNDECLARED_SELECTOR = YES;
				GCC_WARN_UNINITIALIZED_AUTOS = YES_AGGRESSIVE;
				GCC_WARN_UNUSED_FUNCTION = YES;
				GCC_WARN_UNUSED_VARIABLE = YES;
				IPHONEOS_DEPLOYMENT_TARGET = 11.4;
				MTL_ENABLE_DEBUG_INFO = NO;
				SDKROOT = iphoneos;
				VALIDATE_PRODUCT = YES;
			};
			name = Release;
		};
		1982EB7F20F3159F00336246 /* Debug */ = {
			isa = XCBuildConfiguration;
			baseConfigurationReference = 9E16045F76DE4249A992E6C3 /* Pods-Instagram.debug.xcconfig */;
			buildSettings = {
				ASSETCATALOG_COMPILER_APPICON_NAME = AppIcon;
				CODE_SIGN_STYLE = Automatic;
				DEVELOPMENT_TEAM = 2CFN5BAYFF;
				INFOPLIST_FILE = Instagram/Info.plist;
				LD_RUNPATH_SEARCH_PATHS = (
					"$(inherited)",
					"@executable_path/Frameworks",
				);
				PRODUCT_BUNDLE_IDENTIFIER = leahxiao.Instagram899;
				PRODUCT_NAME = "$(TARGET_NAME)";
				TARGETED_DEVICE_FAMILY = "1,2";
			};
			name = Debug;
		};
		1982EB8020F3159F00336246 /* Release */ = {
			isa = XCBuildConfiguration;
			baseConfigurationReference = 4E708FD2E9013DE44E34AEEE /* Pods-Instagram.release.xcconfig */;
			buildSettings = {
				ASSETCATALOG_COMPILER_APPICON_NAME = AppIcon;
				CODE_SIGN_STYLE = Automatic;
				DEVELOPMENT_TEAM = 2CFN5BAYFF;
				INFOPLIST_FILE = Instagram/Info.plist;
				LD_RUNPATH_SEARCH_PATHS = (
					"$(inherited)",
					"@executable_path/Frameworks",
				);
				PRODUCT_BUNDLE_IDENTIFIER = leahxiao.Instagram899;
				PRODUCT_NAME = "$(TARGET_NAME)";
				TARGETED_DEVICE_FAMILY = "1,2";
			};
			name = Release;
		};
		1982EB8220F3159F00336246 /* Debug */ = {
			isa = XCBuildConfiguration;
			baseConfigurationReference = EC19490CF2CFEF618686FA3B /* Pods-InstagramTests.debug.xcconfig */;
			buildSettings = {
				BUNDLE_LOADER = "$(TEST_HOST)";
				CODE_SIGN_STYLE = Automatic;
				INFOPLIST_FILE = InstagramTests/Info.plist;
				LD_RUNPATH_SEARCH_PATHS = (
					"$(inherited)",
					"@executable_path/Frameworks",
					"@loader_path/Frameworks",
				);
				PRODUCT_BUNDLE_IDENTIFIER = leahxiao.InstagramTests;
				PRODUCT_NAME = "$(TARGET_NAME)";
				TARGETED_DEVICE_FAMILY = "1,2";
				TEST_HOST = "$(BUILT_PRODUCTS_DIR)/Instagram.app/Instagram";
			};
			name = Debug;
		};
		1982EB8320F3159F00336246 /* Release */ = {
			isa = XCBuildConfiguration;
			baseConfigurationReference = E562F1A7C58C436B067A0411 /* Pods-InstagramTests.release.xcconfig */;
			buildSettings = {
				BUNDLE_LOADER = "$(TEST_HOST)";
				CODE_SIGN_STYLE = Automatic;
				INFOPLIST_FILE = InstagramTests/Info.plist;
				LD_RUNPATH_SEARCH_PATHS = (
					"$(inherited)",
					"@executable_path/Frameworks",
					"@loader_path/Frameworks",
				);
				PRODUCT_BUNDLE_IDENTIFIER = leahxiao.InstagramTests;
				PRODUCT_NAME = "$(TARGET_NAME)";
				TARGETED_DEVICE_FAMILY = "1,2";
				TEST_HOST = "$(BUILT_PRODUCTS_DIR)/Instagram.app/Instagram";
			};
			name = Release;
		};
		1982EB8520F3159F00336246 /* Debug */ = {
			isa = XCBuildConfiguration;
			baseConfigurationReference = 1009F3D676E4EF923FDE19AE /* Pods-InstagramUITests.debug.xcconfig */;
			buildSettings = {
				CODE_SIGN_STYLE = Automatic;
				INFOPLIST_FILE = InstagramUITests/Info.plist;
				LD_RUNPATH_SEARCH_PATHS = (
					"$(inherited)",
					"@executable_path/Frameworks",
					"@loader_path/Frameworks",
				);
				PRODUCT_BUNDLE_IDENTIFIER = leahxiao.InstagramUITests;
				PRODUCT_NAME = "$(TARGET_NAME)";
				TARGETED_DEVICE_FAMILY = "1,2";
				TEST_TARGET_NAME = Instagram;
			};
			name = Debug;
		};
		1982EB8620F3159F00336246 /* Release */ = {
			isa = XCBuildConfiguration;
			baseConfigurationReference = F0C0518591C890F764A329A1 /* Pods-InstagramUITests.release.xcconfig */;
			buildSettings = {
				CODE_SIGN_STYLE = Automatic;
				INFOPLIST_FILE = InstagramUITests/Info.plist;
				LD_RUNPATH_SEARCH_PATHS = (
					"$(inherited)",
					"@executable_path/Frameworks",
					"@loader_path/Frameworks",
				);
				PRODUCT_BUNDLE_IDENTIFIER = leahxiao.InstagramUITests;
				PRODUCT_NAME = "$(TARGET_NAME)";
				TARGETED_DEVICE_FAMILY = "1,2";
				TEST_TARGET_NAME = Instagram;
			};
			name = Release;
		};
/* End XCBuildConfiguration section */

/* Begin XCConfigurationList section */
		1982EB4D20F3159D00336246 /* Build configuration list for PBXProject "Instagram" */ = {
			isa = XCConfigurationList;
			buildConfigurations = (
				1982EB7C20F3159F00336246 /* Debug */,
				1982EB7D20F3159F00336246 /* Release */,
			);
			defaultConfigurationIsVisible = 0;
			defaultConfigurationName = Release;
		};
		1982EB7E20F3159F00336246 /* Build configuration list for PBXNativeTarget "Instagram" */ = {
			isa = XCConfigurationList;
			buildConfigurations = (
				1982EB7F20F3159F00336246 /* Debug */,
				1982EB8020F3159F00336246 /* Release */,
			);
			defaultConfigurationIsVisible = 0;
			defaultConfigurationName = Release;
		};
		1982EB8120F3159F00336246 /* Build configuration list for PBXNativeTarget "InstagramTests" */ = {
			isa = XCConfigurationList;
			buildConfigurations = (
				1982EB8220F3159F00336246 /* Debug */,
				1982EB8320F3159F00336246 /* Release */,
			);
			defaultConfigurationIsVisible = 0;
			defaultConfigurationName = Release;
		};
		1982EB8420F3159F00336246 /* Build configuration list for PBXNativeTarget "InstagramUITests" */ = {
			isa = XCConfigurationList;
			buildConfigurations = (
				1982EB8520F3159F00336246 /* Debug */,
				1982EB8620F3159F00336246 /* Release */,
			);
			defaultConfigurationIsVisible = 0;
			defaultConfigurationName = Release;
		};
/* End XCConfigurationList section */
	};
	rootObject = 1982EB4A20F3159D00336246 /* Project object */;
}
